
Microsoft Visual Studio Solution File, Format Version 12.00
# Visual Studio Version 16
VisualStudioVersion = 16.0.30907.101
MinimumVisualStudioVersion = 10.0.40219.1
Project("{9A19103F-16F7-4668-BE54-9A1E7A4F7556}") = "CharacterCreator.ConsoleHost", "CharacterCreator.ConsoleHost\CharacterCreator.ConsoleHost.csproj", "{BF4E264C-3151-4D83-8173-47D31080C780}"
EndProject
Project("{FAE04EC0-301F-11D3-BF4B-00C04F79EFBC}") = "CharacterCreator", "CharacterCreator\CharacterCreator.csproj", "{01916B61-4224-4C5F-8CEA-56A915FD0EC8}"
EndProject
Global
	GlobalSection(SolutionConfigurationPlatforms) = preSolution
		Debug|Any CPU = Debug|Any CPU
		Release|Any CPU = Release|Any CPU
	EndGlobalSection
	GlobalSection(ProjectConfigurationPlatforms) = postSolution
		{BF4E264C-3151-4D83-8173-47D31080C780}.Debug|Any CPU.ActiveCfg = Debug|Any CPU
		{BF4E264C-3151-4D83-8173-47D31080C780}.Debug|Any CPU.Build.0 = Debug|Any CPU
		{BF4E264C-3151-4D83-8173-47D31080C780}.Release|Any CPU.ActiveCfg = Release|Any CPU
		{BF4E264C-3151-4D83-8173-47D31080C780}.Release|Any CPU.Build.0 = Release|Any CPU
		{01916B61-4224-4C5F-8CEA-56A915FD0EC8}.Debug|Any CPU.ActiveCfg = Debug|Any CPU
		{01916B61-4224-4C5F-8CEA-56A915FD0EC8}.Debug|Any CPU.Build.0 = Debug|Any CPU
		{01916B61-4224-4C5F-8CEA-56A915FD0EC8}.Release|Any CPU.ActiveCfg = Release|Any CPU
		{01916B61-4224-4C5F-8CEA-56A915FD0EC8}.Release|Any CPU.Build.0 = Release|Any CPU
	EndGlobalSection
	GlobalSection(SolutionProperties) = preSolution
		HideSolutionNode = FALSE
	EndGlobalSection
	GlobalSection(ExtensibilityGlobals) = postSolution
		SolutionGuid = {1ECF5333-315C-4A8F-B07F-350918528885}
	EndGlobalSection
EndGlobal
