
Microsoft Visual Studio Solution File, Format Version 12.00
# Visual Studio Version 16
VisualStudioVersion = 16.0.30907.101
MinimumVisualStudioVersion = 10.0.40219.1
Project("{9A19103F-16F7-4668-BE54-9A1E7A4F7556}") = "MovieLibrary.ConsoleHost", "MovieLibrary.ConsoleHost\MovieLibrary.ConsoleHost.csproj", "{40858506-F189-4438-B851-E0E8868EE445}"
EndProject
Project("{FAE04EC0-301F-11D3-BF4B-00C04F79EFBC}") = "MovieLibrary", "MovieLibrary\MovieLibrary.csproj", "{A64C8DA5-6755-45E7-87C3-5F1221B505C0}"
EndProject
Global
	GlobalSection(SolutionConfigurationPlatforms) = preSolution
		Debug|Any CPU = Debug|Any CPU
		Release|Any CPU = Release|Any CPU
	EndGlobalSection
	GlobalSection(ProjectConfigurationPlatforms) = postSolution
		{40858506-F189-4438-B851-E0E8868EE445}.Debug|Any CPU.ActiveCfg = Debug|Any CPU
		{40858506-F189-4438-B851-E0E8868EE445}.Debug|Any CPU.Build.0 = Debug|Any CPU
		{40858506-F189-4438-B851-E0E8868EE445}.Release|Any CPU.ActiveCfg = Release|Any CPU
		{40858506-F189-4438-B851-E0E8868EE445}.Release|Any CPU.Build.0 = Release|Any CPU
		{A64C8DA5-6755-45E7-87C3-5F1221B505C0}.Debug|Any CPU.ActiveCfg = Debug|Any CPU
		{A64C8DA5-6755-45E7-87C3-5F1221B505C0}.Debug|Any CPU.Build.0 = Debug|Any CPU
		{A64C8DA5-6755-45E7-87C3-5F1221B505C0}.Release|Any CPU.ActiveCfg = Release|Any CPU
		{A64C8DA5-6755-45E7-87C3-5F1221B505C0}.Release|Any CPU.Build.0 = Release|Any CPU
	EndGlobalSection
	GlobalSection(SolutionProperties) = preSolution
		HideSolutionNode = FALSE
	EndGlobalSection
	GlobalSection(ExtensibilityGlobals) = postSolution
		SolutionGuid = {34E819F9-2051-4516-B982-EA06F62385FA}
	EndGlobalSection
EndGlobal
